{
  "name": "@z3ro/mdparser",
  "version": "0.0.1",
  "lockfileVersion": 2,
  "requires": true,
  "packages": {
    "": {
      "name": "@z3ro/mdparser",
      "version": "0.0.1",
      "license": "ISC",
      "dependencies": {
        "@types/he": "^1.1.2",
        "he": "^1.2.0"
      },
      "devDependencies": {
        "@types/node": "^17.0.41"
      }
    },
    "node_modules/@types/he": {
      "version": "1.1.2",
      "resolved": "https://registry.npmjs.org/@types/he/-/he-1.1.2.tgz",
      "integrity": "sha512-kSJPcLO1x+oolc0R89pUl2kozldQ/fVQ1C1p5mp8fPoLdF/ZcBvckaTC2M8xXh3GYendXvCpy5m/a2eSbfgNgw=="
    },
    "node_modules/@types/node": {
      "version": "17.0.45",
      "resolved": "https://registry.npmjs.org/@types/node/-/node-17.0.45.tgz",
      "integrity": "sha512-w+tIMs3rq2afQdsPJlODhoUEKzFP1ayaoyl1CcnwtIlsVe7K7bA1NGm4s3PraqTLlXnbIN84zuBlxBWo1u9BLw==",
      "dev": true
    },
    "node_modules/he": {
      "version": "1.2.0",
      "resolved": "https://registry.npmjs.org/he/-/he-1.2.0.tgz",
      "integrity": "sha512-F/1DnUGPopORZi0ni+CvrCgHQ5FyEAHRLSApuYWMmrbSwoN2Mn/7k+Gl38gJnR7yyDZk6WLXwiGod1JOWNDKGw==",
      "bin": {
        "he": "bin/he"
      }
    }
  },
  "dependencies": {
    "@types/he": {
      "version": "1.1.2",
      "resolved": "https://registry.npmjs.org/@types/he/-/he-1.1.2.tgz",
      "integrity": "sha512-kSJPcLO1x+oolc0R89pUl2kozldQ/fVQ1C1p5mp8fPoLdF/ZcBvckaTC2M8xXh3GYendXvCpy5m/a2eSbfgNgw=="
    },
    "@types/node": {
      "version": "17.0.45",
      "resolved": "https://registry.npmjs.org/@types/node/-/node-17.0.45.tgz",
      "integrity": "sha512-w+tIMs3rq2afQdsPJlODhoUEKzFP1ayaoyl1CcnwtIlsVe7K7bA1NGm4s3PraqTLlXnbIN84zuBlxBWo1u9BLw==",
      "dev": true
    },
    "he": {
      "version": "1.2.0",
      "resolved": "https://registry.npmjs.org/he/-/he-1.2.0.tgz",
      "integrity": "sha512-F/1DnUGPopORZi0ni+CvrCgHQ5FyEAHRLSApuYWMmrbSwoN2Mn/7k+Gl38gJnR7yyDZk6WLXwiGod1JOWNDKGw=="
    }
  }
}
